
Microsoft Visual Studio Solution File, Format Version 12.00
# Visual Studio 15
Project("{FAE04EC0-301F-11D3-BF4B-00C04F79EFBC}") = "Assembly-CSharp", "Assembly-CSharp.csproj", "{42797B48-9F44-C4D5-1A85-89C01A04C1DD}"
EndProject
Project("{FAE04EC0-301F-11D3-BF4B-00C04F79EFBC}") = "Assembly-CSharp-Editor", "Assembly-CSharp-Editor.csproj", "{70CFC6AE-C4B1-2A66-F102-645670F1AA10}"
EndProject
Global
	GlobalSection(SolutionConfigurationPlatforms) = preSolution
		Debug|Any CPU = Debug|Any CPU
		Release|Any CPU = Release|Any CPU
	EndGlobalSection
	GlobalSection(ProjectConfigurationPlatforms) = postSolution
		{42797B48-9F44-C4D5-1A85-89C01A04C1DD}.Debug|Any CPU.ActiveCfg = Debug|Any CPU
		{42797B48-9F44-C4D5-1A85-89C01A04C1DD}.Debug|Any CPU.Build.0 = Debug|Any CPU
		{42797B48-9F44-C4D5-1A85-89C01A04C1DD}.Release|Any CPU.ActiveCfg = Release|Any CPU
		{42797B48-9F44-C4D5-1A85-89C01A04C1DD}.Release|Any CPU.Build.0 = Release|Any CPU
		{70CFC6AE-C4B1-2A66-F102-645670F1AA10}.Debug|Any CPU.ActiveCfg = Debug|Any CPU
		{70CFC6AE-C4B1-2A66-F102-645670F1AA10}.Debug|Any CPU.Build.0 = Debug|Any CPU
		{70CFC6AE-C4B1-2A66-F102-645670F1AA10}.Release|Any CPU.ActiveCfg = Release|Any CPU
		{70CFC6AE-C4B1-2A66-F102-645670F1AA10}.Release|Any CPU.Build.0 = Release|Any CPU
	EndGlobalSection
	GlobalSection(SolutionProperties) = preSolution
		HideSolutionNode = FALSE
	EndGlobalSection
EndGlobal
